// !$*UTF8*$!
{
	archiveVersion = 1;
	classes = {
	};
	objectVersion = 50;
	objects = {

/* Begin PBXBuildFile section */
		765C8B2C26E2272B009602E2 /* AppDelegate.swift in Sources */ = {isa = PBXBuildFile; fileRef = 765C8B2B26E2272B009602E2 /* AppDelegate.swift */; };
		765C8B2E26E2272B009602E2 /* SceneDelegate.swift in Sources */ = {isa = PBXBuildFile; fileRef = 765C8B2D26E2272B009602E2 /* SceneDelegate.swift */; };
		765C8B3026E2272B009602E2 /* ViewController.swift in Sources */ = {isa = PBXBuildFile; fileRef = 765C8B2F26E2272B009602E2 /* ViewController.swift */; };
		765C8B3326E2272B009602E2 /* Main.storyboard in Resources */ = {isa = PBXBuildFile; fileRef = 765C8B3126E2272B009602E2 /* Main.storyboard */; };
		765C8B3526E2272B009602E2 /* Assets.xcassets in Resources */ = {isa = PBXBuildFile; fileRef = 765C8B3426E2272B009602E2 /* Assets.xcassets */; };
		765C8B3826E2272B009602E2 /* LaunchScreen.storyboard in Resources */ = {isa = PBXBuildFile; fileRef = 765C8B3626E2272B009602E2 /* LaunchScreen.storyboard */; };
		765C8B4326E2272C009602E2 /* WomanAppTests.swift in Sources */ = {isa = PBXBuildFile; fileRef = 765C8B4226E2272C009602E2 /* WomanAppTests.swift */; };
		765C8B4E26E2272C009602E2 /* WomanAppUITests.swift in Sources */ = {isa = PBXBuildFile; fileRef = 765C8B4D26E2272C009602E2 /* WomanAppUITests.swift */; };
/* End PBXBuildFile section */

/* Begin PBXContainerItemProxy section */
		765C8B3F26E2272C009602E2 /* PBXContainerItemProxy */ = {
			isa = PBXContainerItemProxy;
			containerPortal = 765C8B2026E2272B009602E2 /* Project object */;
			proxyType = 1;
			remoteGlobalIDString = 765C8B2726E2272B009602E2;
			remoteInfo = WomanApp;
		};
		765C8B4A26E2272C009602E2 /* PBXContainerItemProxy */ = {
			isa = PBXContainerItemProxy;
			containerPortal = 765C8B2026E2272B009602E2 /* Project object */;
			proxyType = 1;
			remoteGlobalIDString = 765C8B2726E2272B009602E2;
			remoteInfo = WomanApp;
		};
/* End PBXContainerItemProxy section */

/* Begin PBXFileReference section */
		765C8B2826E2272B009602E2 /* WomanApp.app */ = {isa = PBXFileReference; explicitFileType = wrapper.application; includeInIndex = 0; path = WomanApp.app; sourceTree = BUILT_PRODUCTS_DIR; };
		765C8B2B26E2272B009602E2 /* AppDelegate.swift */ = {isa = PBXFileReference; lastKnownFileType = sourcecode.swift; path = AppDelegate.swift; sourceTree = "<group>"; };
		765C8B2D26E2272B009602E2 /* SceneDelegate.swift */ = {isa = PBXFileReference; lastKnownFileType = sourcecode.swift; path = SceneDelegate.swift; sourceTree = "<group>"; };
		765C8B2F26E2272B009602E2 /* ViewController.swift */ = {isa = PBXFileReference; lastKnownFileType = sourcecode.swift; path = ViewController.swift; sourceTree = "<group>"; };
		765C8B3226E2272B009602E2 /* Base */ = {isa = PBXFileReference; lastKnownFileType = file.storyboard; name = Base; path = Base.lproj/Main.storyboard; sourceTree = "<group>"; };
		765C8B3426E2272B009602E2 /* Assets.xcassets */ = {isa = PBXFileReference; lastKnownFileType = folder.assetcatalog; path = Assets.xcassets; sourceTree = "<group>"; };
		765C8B3726E2272B009602E2 /* Base */ = {isa = PBXFileReference; lastKnownFileType = file.storyboard; name = Base; path = Base.lproj/LaunchScreen.storyboard; sourceTree = "<group>"; };
		765C8B3926E2272B009602E2 /* Info.plist */ = {isa = PBXFileReference; lastKnownFileType = text.plist.xml; path = Info.plist; sourceTree = "<group>"; };
		765C8B3E26E2272C009602E2 /* WomanAppTests.xctest */ = {isa = PBXFileReference; explicitFileType = wrapper.cfbundle; includeInIndex = 0; path = WomanAppTests.xctest; sourceTree = BUILT_PRODUCTS_DIR; };
		765C8B4226E2272C009602E2 /* WomanAppTests.swift */ = {isa = PBXFileReference; lastKnownFileType = sourcecode.swift; path = WomanAppTests.swift; sourceTree = "<group>"; };
		765C8B4426E2272C009602E2 /* Info.plist */ = {isa = PBXFileReference; lastKnownFileType = text.plist.xml; path = Info.plist; sourceTree = "<group>"; };
		765C8B4926E2272C009602E2 /* WomanAppUITests.xctest */ = {isa = PBXFileReference; explicitFileType = wrapper.cfbundle; includeInIndex = 0; path = WomanAppUITests.xctest; sourceTree = BUILT_PRODUCTS_DIR; };
		765C8B4D26E2272C009602E2 /* WomanAppUITests.swift */ = {isa = PBXFileReference; lastKnownFileType = sourcecode.swift; path = WomanAppUITests.swift; sourceTree = "<group>"; };
		765C8B4F26E2272C009602E2 /* Info.plist */ = {isa = PBXFileReference; lastKnownFileType = text.plist.xml; path = Info.plist; sourceTree = "<group>"; };
/* End PBXFileReference section */

/* Begin PBXFrameworksBuildPhase section */
		765C8B2526E2272B009602E2 /* Frameworks */ = {
			isa = PBXFrameworksBuildPhase;
			buildActionMask = 2147483647;
			files = (
			);
			runOnlyForDeploymentPostprocessing = 0;
		};
		765C8B3B26E2272C009602E2 /* Frameworks */ = {
			isa = PBXFrameworksBuildPhase;
			buildActionMask = 2147483647;
			files = (
			);
			runOnlyForDeploymentPostprocessing = 0;
		};
		765C8B4626E2272C009602E2 /* Frameworks */ = {
			isa = PBXFrameworksBuildPhase;
			buildActionMask = 2147483647;
			files = (
			);
			runOnlyForDeploymentPostprocessing = 0;
		};
/* End PBXFrameworksBuildPhase section */

/* Begin PBXGroup section */
		765C8B1F26E2272B009602E2 = {
			isa = PBXGroup;
			children = (
				765C8B2A26E2272B009602E2 /* WomanApp */,
				765C8B4126E2272C009602E2 /* WomanAppTests */,
				765C8B4C26E2272C009602E2 /* WomanAppUITests */,
				765C8B2926E2272B009602E2 /* Products */,
			);
			sourceTree = "<group>";
		};
		765C8B2926E2272B009602E2 /* Products */ = {
			isa = PBXGroup;
			children = (
				765C8B2826E2272B009602E2 /* WomanApp.app */,
				765C8B3E26E2272C009602E2 /* WomanAppTests.xctest */,
				765C8B4926E2272C009602E2 /* WomanAppUITests.xctest */,
			);
			name = Products;
			sourceTree = "<group>";
		};
		765C8B2A26E2272B009602E2 /* WomanApp */ = {
			isa = PBXGroup;
			children = (
				765C8B2B26E2272B009602E2 /* AppDelegate.swift */,
				765C8B2D26E2272B009602E2 /* SceneDelegate.swift */,
				765C8B2F26E2272B009602E2 /* ViewController.swift */,
				765C8B3126E2272B009602E2 /* Main.storyboard */,
				765C8B3426E2272B009602E2 /* Assets.xcassets */,
				765C8B3626E2272B009602E2 /* LaunchScreen.storyboard */,
				765C8B3926E2272B009602E2 /* Info.plist */,
			);
			path = WomanApp;
			sourceTree = "<group>";
		};
		765C8B4126E2272C009602E2 /* WomanAppTests */ = {
			isa = PBXGroup;
			children = (
				765C8B4226E2272C009602E2 /* WomanAppTests.swift */,
				765C8B4426E2272C009602E2 /* Info.plist */,
			);
			path = WomanAppTests;
			sourceTree = "<group>";
		};
		765C8B4C26E2272C009602E2 /* WomanAppUITests */ = {
			isa = PBXGroup;
			children = (
				765C8B4D26E2272C009602E2 /* WomanAppUITests.swift */,
				765C8B4F26E2272C009602E2 /* Info.plist */,
			);
			path = WomanAppUITests;
			sourceTree = "<group>";
		};
/* End PBXGroup section */

/* Begin PBXNativeTarget section */
		765C8B2726E2272B009602E2 /* WomanApp */ = {
			isa = PBXNativeTarget;
			buildConfigurationList = 765C8B5226E2272C009602E2 /* Build configuration list for PBXNativeTarget "WomanApp" */;
			buildPhases = (
				765C8B2426E2272B009602E2 /* Sources */,
				765C8B2526E2272B009602E2 /* Frameworks */,
				765C8B2626E2272B009602E2 /* Resources */,
			);
			buildRules = (
			);
			dependencies = (
			);
			name = WomanApp;
			productName = WomanApp;
			productReference = 765C8B2826E2272B009602E2 /* WomanApp.app */;
			productType = "com.apple.product-type.application";
		};
		765C8B3D26E2272C009602E2 /* WomanAppTests */ = {
			isa = PBXNativeTarget;
			buildConfigurationList = 765C8B5526E2272C009602E2 /* Build configuration list for PBXNativeTarget "WomanAppTests" */;
			buildPhases = (
				765C8B3A26E2272C009602E2 /* Sources */,
				765C8B3B26E2272C009602E2 /* Frameworks */,
				765C8B3C26E2272C009602E2 /* Resources */,
			);
			buildRules = (
			);
			dependencies = (
				765C8B4026E2272C009602E2 /* PBXTargetDependency */,
			);
			name = WomanAppTests;
			productName = WomanAppTests;
			productReference = 765C8B3E26E2272C009602E2 /* WomanAppTests.xctest */;
			productType = "com.apple.product-type.bundle.unit-test";
		};
		765C8B4826E2272C009602E2 /* WomanAppUITests */ = {
			isa = PBXNativeTarget;
			buildConfigurationList = 765C8B5826E2272C009602E2 /* Build configuration list for PBXNativeTarget "WomanAppUITests" */;
			buildPhases = (
				765C8B4526E2272C009602E2 /* Sources */,
				765C8B4626E2272C009602E2 /* Frameworks */,
				765C8B4726E2272C009602E2 /* Resources */,
			);
			buildRules = (
			);
			dependencies = (
				765C8B4B26E2272C009602E2 /* PBXTargetDependency */,
			);
			name = WomanAppUITests;
			productName = WomanAppUITests;
			productReference = 765C8B4926E2272C009602E2 /* WomanAppUITests.xctest */;
			productType = "com.apple.product-type.bundle.ui-testing";
		};
/* End PBXNativeTarget section */

/* Begin PBXProject section */
		765C8B2026E2272B009602E2 /* Project object */ = {
			isa = PBXProject;
			attributes = {
				LastSwiftUpdateCheck = 1250;
				LastUpgradeCheck = 1250;
				TargetAttributes = {
					765C8B2726E2272B009602E2 = {
						CreatedOnToolsVersion = 12.5.1;
					};
					765C8B3D26E2272C009602E2 = {
						CreatedOnToolsVersion = 12.5.1;
						TestTargetID = 765C8B2726E2272B009602E2;
					};
					765C8B4826E2272C009602E2 = {
						CreatedOnToolsVersion = 12.5.1;
						TestTargetID = 765C8B2726E2272B009602E2;
					};
				};
			};
			buildConfigurationList = 765C8B2326E2272B009602E2 /* Build configuration list for PBXProject "WomanApp" */;
			compatibilityVersion = "Xcode 9.3";
			developmentRegion = en;
			hasScannedForEncodings = 0;
			knownRegions = (
				en,
				Base,
			);
			mainGroup = 765C8B1F26E2272B009602E2;
			productRefGroup = 765C8B2926E2272B009602E2 /* Products */;
			projectDirPath = "";
			projectRoot = "";
			targets = (
				765C8B2726E2272B009602E2 /* WomanApp */,
				765C8B3D26E2272C009602E2 /* WomanAppTests */,
				765C8B4826E2272C009602E2 /* WomanAppUITests */,
			);
		};
/* End PBXProject section */

/* Begin PBXResourcesBuildPhase section */
		765C8B2626E2272B009602E2 /* Resources */ = {
			isa = PBXResourcesBuildPhase;
			buildActionMask = 2147483647;
			files = (
				765C8B3826E2272B009602E2 /* LaunchScreen.storyboard in Resources */,
				765C8B3526E2272B009602E2 /* Assets.xcassets in Resources */,
				765C8B3326E2272B009602E2 /* Main.storyboard in Resources */,
			);
			runOnlyForDeploymentPostprocessing = 0;
		};
		765C8B3C26E2272C009602E2 /* Resources */ = {
			isa = PBXResourcesBuildPhase;
			buildActionMask = 2147483647;
			files = (
			);
			runOnlyForDeploymentPostprocessing = 0;
		};
		765C8B4726E2272C009602E2 /* Resources */ = {
			isa = PBXResourcesBuildPhase;
			buildActionMask = 2147483647;
			files = (
			);
			runOnlyForDeploymentPostprocessing = 0;
		};
/* End PBXResourcesBuildPhase section */

/* Begin PBXSourcesBuildPhase section */
		765C8B2426E2272B009602E2 /* Sources */ = {
			isa = PBXSourcesBuildPhase;
			buildActionMask = 2147483647;
			files = (
				765C8B3026E2272B009602E2 /* ViewController.swift in Sources */,
				765C8B2C26E2272B009602E2 /* AppDelegate.swift in Sources */,
				765C8B2E26E2272B009602E2 /* SceneDelegate.swift in Sources */,
			);
			runOnlyForDeploymentPostprocessing = 0;
		};
		765C8B3A26E2272C009602E2 /* Sources */ = {
			isa = PBXSourcesBuildPhase;
			buildActionMask = 2147483647;
			files = (
				765C8B4326E2272C009602E2 /* WomanAppTests.swift in Sources */,
			);
			runOnlyForDeploymentPostprocessing = 0;
		};
		765C8B4526E2272C009602E2 /* Sources */ = {
			isa = PBXSourcesBuildPhase;
			buildActionMask = 2147483647;
			files = (
				765C8B4E26E2272C009602E2 /* WomanAppUITests.swift in Sources */,
			);
			runOnlyForDeploymentPostprocessing = 0;
		};
/* End PBXSourcesBuildPhase section */

/* Begin PBXTargetDependency section */
		765C8B4026E2272C009602E2 /* PBXTargetDependency */ = {
			isa = PBXTargetDependency;
			target = 765C8B2726E2272B009602E2 /* WomanApp */;
			targetProxy = 765C8B3F26E2272C009602E2 /* PBXContainerItemProxy */;
		};
		765C8B4B26E2272C009602E2 /* PBXTargetDependency */ = {
			isa = PBXTargetDependency;
			target = 765C8B2726E2272B009602E2 /* WomanApp */;
			targetProxy = 765C8B4A26E2272C009602E2 /* PBXContainerItemProxy */;
		};
/* End PBXTargetDependency section */

/* Begin PBXVariantGroup section */
		765C8B3126E2272B009602E2 /* Main.storyboard */ = {
			isa = PBXVariantGroup;
			children = (
				765C8B3226E2272B009602E2 /* Base */,
			);
			name = Main.storyboard;
			sourceTree = "<group>";
		};
		765C8B3626E2272B009602E2 /* LaunchScreen.storyboard */ = {
			isa = PBXVariantGroup;
			children = (
				765C8B3726E2272B009602E2 /* Base */,
			);
			name = LaunchScreen.storyboard;
			sourceTree = "<group>";
		};
/* End PBXVariantGroup section */

/* Begin XCBuildConfiguration section */
		765C8B5026E2272C009602E2 /* Debug */ = {
			isa = XCBuildConfiguration;
			buildSettings = {
				ALWAYS_SEARCH_USER_PATHS = NO;
				CLANG_ANALYZER_NONNULL = YES;
				CLANG_ANALYZER_NUMBER_OBJECT_CONVERSION = YES_AGGRESSIVE;
				CLANG_CXX_LANGUAGE_STANDARD = "gnu++14";
				CLANG_CXX_LIBRARY = "libc++";
				CLANG_ENABLE_MODULES = YES;
				CLANG_ENABLE_OBJC_ARC = YES;
				CLANG_ENABLE_OBJC_WEAK = YES;
				CLANG_WARN_BLOCK_CAPTURE_AUTORELEASING = YES;
				CLANG_WARN_BOOL_CONVERSION = YES;
				CLANG_WARN_COMMA = YES;
				CLANG_WARN_CONSTANT_CONVERSION = YES;
				CLANG_WARN_DEPRECATED_OBJC_IMPLEMENTATIONS = YES;
				CLANG_WARN_DIRECT_OBJC_ISA_USAGE = YES_ERROR;
				CLANG_WARN_DOCUMENTATION_COMMENTS = YES;
				CLANG_WARN_EMPTY_BODY = YES;
				CLANG_WARN_ENUM_CONVERSION = YES;
				CLANG_WARN_INFINITE_RECURSION = YES;
				CLANG_WARN_INT_CONVERSION = YES;
				CLANG_WARN_NON_LITERAL_NULL_CONVERSION = YES;
				CLANG_WARN_OBJC_IMPLICIT_RETAIN_SELF = YES;
				CLANG_WARN_OBJC_LITERAL_CONVERSION = YES;
				CLANG_WARN_OBJC_ROOT_CLASS = YES_ERROR;
				CLANG_WARN_QUOTED_INCLUDE_IN_FRAMEWORK_HEADER = YES;
				CLANG_WARN_RANGE_LOOP_ANALYSIS = YES;
				CLANG_WARN_STRICT_PROTOTYPES = YES;
				CLANG_WARN_SUSPICIOUS_MOVE = YES;
				CLANG_WARN_UNGUARDED_AVAILABILITY = YES_AGGRESSIVE;
				CLANG_WARN_UNREACHABLE_CODE = YES;
				CLANG_WARN__DUPLICATE_METHOD_MATCH = YES;
				COPY_PHASE_STRIP = NO;
				DEBUG_INFORMATION_FORMAT = dwarf;
				ENABLE_STRICT_OBJC_MSGSEND = YES;
				ENABLE_TESTABILITY = YES;
				GCC_C_LANGUAGE_STANDARD = gnu11;
				GCC_DYNAMIC_NO_PIC = NO;
				GCC_NO_COMMON_BLOCKS = YES;
				GCC_OPTIMIZATION_LEVEL = 0;
				GCC_PREPROCESSOR_DEFINITIONS = (
					"DEBUG=1",
					"$(inherited)",
				);
				GCC_WARN_64_TO_32_BIT_CONVERSION = YES;
				GCC_WARN_ABOUT_RETURN_TYPE = YES_ERROR;
				GCC_WARN_UNDECLARED_SELECTOR = YES;
				GCC_WARN_UNINITIALIZED_AUTOS = YES_AGGRESSIVE;
				GCC_WARN_UNUSED_FUNCTION = YES;
				GCC_WARN_UNUSED_VARIABLE = YES;
				IPHONEOS_DEPLOYMENT_TARGET = 14.5;
				MTL_ENABLE_DEBUG_INFO = INCLUDE_SOURCE;
				MTL_FAST_MATH = YES;
				ONLY_ACTIVE_ARCH = YES;
				SDKROOT = iphoneos;
				SWIFT_ACTIVE_COMPILATION_CONDITIONS = DEBUG;
				SWIFT_OPTIMIZATION_LEVEL = "-Onone";
			};
			name = Debug;
		};
		765C8B5126E2272C009602E2 /* Release */ = {
			isa = XCBuildConfiguration;
			buildSettings = {
				ALWAYS_SEARCH_USER_PATHS = NO;
				CLANG_ANALYZER_NONNULL = YES;
				CLANG_ANALYZER_NUMBER_OBJECT_CONVERSION = YES_AGGRESSIVE;
				CLANG_CXX_LANGUAGE_STANDARD = "gnu++14";
				CLANG_CXX_LIBRARY = "libc++";
				CLANG_ENABLE_MODULES = YES;
				CLANG_ENABLE_OBJC_ARC = YES;
				CLANG_ENABLE_OBJC_WEAK = YES;
				CLANG_WARN_BLOCK_CAPTURE_AUTORELEASING = YES;
				CLANG_WARN_BOOL_CONVERSION = YES;
				CLANG_WARN_COMMA = YES;
				CLANG_WARN_CONSTANT_CONVERSION = YES;
				CLANG_WARN_DEPRECATED_OBJC_IMPLEMENTATIONS = YES;
				CLANG_WARN_DIRECT_OBJC_ISA_USAGE = YES_ERROR;
				CLANG_WARN_DOCUMENTATION_COMMENTS = YES;
				CLANG_WARN_EMPTY_BODY = YES;
				CLANG_WARN_ENUM_CONVERSION = YES;
				CLANG_WARN_INFINITE_RECURSION = YES;
				CLANG_WARN_INT_CONVERSION = YES;
				CLANG_WARN_NON_LITERAL_NULL_CONVERSION = YES;
				CLANG_WARN_OBJC_IMPLICIT_RETAIN_SELF = YES;
				CLANG_WARN_OBJC_LITERAL_CONVERSION = YES;
				CLANG_WARN_OBJC_ROOT_CLASS = YES_ERROR;
				CLANG_WARN_QUOTED_INCLUDE_IN_FRAMEWORK_HEADER = YES;
				CLANG_WARN_RANGE_LOOP_ANALYSIS = YES;
				CLANG_WARN_STRICT_PROTOTYPES = YES;
				CLANG_WARN_SUSPICIOUS_MOVE = YES;
				CLANG_WARN_UNGUARDED_AVAILABILITY = YES_AGGRESSIVE;
				CLANG_WARN_UNREACHABLE_CODE = YES;
				CLANG_WARN__DUPLICATE_METHOD_MATCH = YES;
				COPY_PHASE_STRIP = NO;
				DEBUG_INFORMATION_FORMAT = "dwarf-with-dsym";
				ENABLE_NS_ASSERTIONS = NO;
				ENABLE_STRICT_OBJC_MSGSEND = YES;
				GCC_C_LANGUAGE_STANDARD = gnu11;
				GCC_NO_COMMON_BLOCKS = YES;
				GCC_WARN_64_TO_32_BIT_CONVERSION = YES;
				GCC_WARN_ABOUT_RETURN_TYPE = YES_ERROR;
				GCC_WARN_UNDECLARED_SELECTOR = YES;
				GCC_WARN_UNINITIALIZED_AUTOS = YES_AGGRESSIVE;
				GCC_WARN_UNUSED_FUNCTION = YES;
				GCC_WARN_UNUSED_VARIABLE = YES;
				IPHONEOS_DEPLOYMENT_TARGET = 14.5;
				MTL_ENABLE_DEBUG_INFO = NO;
				MTL_FAST_MATH = YES;
				SDKROOT = iphoneos;
				SWIFT_COMPILATION_MODE = wholemodule;
				SWIFT_OPTIMIZATION_LEVEL = "-O";
				VALIDATE_PRODUCT = YES;
			};
			name = Release;
		};
		765C8B5326E2272C009602E2 /* Debug */ = {
			isa = XCBuildConfiguration;
			buildSettings = {
				ASSETCATALOG_COMPILER_APPICON_NAME = AppIcon;
				ASSETCATALOG_COMPILER_GLOBAL_ACCENT_COLOR_NAME = AccentColor;
				CODE_SIGN_STYLE = Automatic;
				DEVELOPMENT_TEAM = LSB7R4D9XA;
				INFOPLIST_FILE = WomanApp/Info.plist;
				LD_RUNPATH_SEARCH_PATHS = (
					"$(inherited)",
					"@executable_path/Frameworks",
				);
				PRODUCT_BUNDLE_IDENTIFIER = "com.woman-shark-team.wo.man.WomanApp";
				PRODUCT_NAME = "$(TARGET_NAME)";
				SWIFT_VERSION = 5.0;
				TARGETED_DEVICE_FAMILY = "1,2";
			};
			name = Debug;
		};
		765C8B5426E2272C009602E2 /* Release */ = {
			isa = XCBuildConfiguration;
			buildSettings = {
				ASSETCATALOG_COMPILER_APPICON_NAME = AppIcon;
				ASSETCATALOG_COMPILER_GLOBAL_ACCENT_COLOR_NAME = AccentColor;
				CODE_SIGN_STYLE = Automatic;
				DEVELOPMENT_TEAM = LSB7R4D9XA;
				INFOPLIST_FILE = WomanApp/Info.plist;
				LD_RUNPATH_SEARCH_PATHS = (
					"$(inherited)",
					"@executable_path/Frameworks",
				);
				PRODUCT_BUNDLE_IDENTIFIER = "com.woman-shark-team.wo.man.WomanApp";
				PRODUCT_NAME = "$(TARGET_NAME)";
				SWIFT_VERSION = 5.0;
				TARGETED_DEVICE_FAMILY = "1,2";
			};
			name = Release;
		};
		765C8B5626E2272C009602E2 /* Debug */ = {
			isa = XCBuildConfiguration;
			buildSettings = {
				ALWAYS_EMBED_SWIFT_STANDARD_LIBRARIES = YES;
				BUNDLE_LOADER = "$(TEST_HOST)";
				CODE_SIGN_STYLE = Automatic;
				DEVELOPMENT_TEAM = LSB7R4D9XA;
				INFOPLIST_FILE = WomanAppTests/Info.plist;
				IPHONEOS_DEPLOYMENT_TARGET = 14.5;
				LD_RUNPATH_SEARCH_PATHS = (
					"$(inherited)",
					"@executable_path/Frameworks",
					"@loader_path/Frameworks",
				);
				PRODUCT_BUNDLE_IDENTIFIER = "com.woman-shark-team.wo.man.WomanAppTests";
				PRODUCT_NAME = "$(TARGET_NAME)";
				SWIFT_VERSION = 5.0;
				TARGETED_DEVICE_FAMILY = "1,2";
				TEST_HOST = "$(BUILT_PRODUCTS_DIR)/WomanApp.app/WomanApp";
			};
			name = Debug;
		};
		765C8B5726E2272C009602E2 /* Release */ = {
			isa = XCBuildConfiguration;
			buildSettings = {
				ALWAYS_EMBED_SWIFT_STANDARD_LIBRARIES = YES;
				BUNDLE_LOADER = "$(TEST_HOST)";
				CODE_SIGN_STYLE = Automatic;
				DEVELOPMENT_TEAM = LSB7R4D9XA;
				INFOPLIST_FILE = WomanAppTests/Info.plist;
				IPHONEOS_DEPLOYMENT_TARGET = 14.5;
				LD_RUNPATH_SEARCH_PATHS = (
					"$(inherited)",
					"@executable_path/Frameworks",
					"@loader_path/Frameworks",
				);
				PRODUCT_BUNDLE_IDENTIFIER = "com.woman-shark-team.wo.man.WomanAppTests";
				PRODUCT_NAME = "$(TARGET_NAME)";
				SWIFT_VERSION = 5.0;
				TARGETED_DEVICE_FAMILY = "1,2";
				TEST_HOST = "$(BUILT_PRODUCTS_DIR)/WomanApp.app/WomanApp";
			};
			name = Release;
		};
		765C8B5926E2272C009602E2 /* Debug */ = {
			isa = XCBuildConfiguration;
			buildSettings = {
				ALWAYS_EMBED_SWIFT_STANDARD_LIBRARIES = YES;
				CODE_SIGN_STYLE = Automatic;
				DEVELOPMENT_TEAM = LSB7R4D9XA;
				INFOPLIST_FILE = WomanAppUITests/Info.plist;
				LD_RUNPATH_SEARCH_PATHS = (
					"$(inherited)",
					"@executable_path/Frameworks",
					"@loader_path/Frameworks",
				);
				PRODUCT_BUNDLE_IDENTIFIER = "com.woman-shark-team.wo.man.WomanAppUITests";
				PRODUCT_NAME = "$(TARGET_NAME)";
				SWIFT_VERSION = 5.0;
				TARGETED_DEVICE_FAMILY = "1,2";
				TEST_TARGET_NAME = WomanApp;
			};
			name = Debug;
		};
		765C8B5A26E2272C009602E2 /* Release */ = {
			isa = XCBuildConfiguration;
			buildSettings = {
				ALWAYS_EMBED_SWIFT_STANDARD_LIBRARIES = YES;
				CODE_SIGN_STYLE = Automatic;
				DEVELOPMENT_TEAM = LSB7R4D9XA;
				INFOPLIST_FILE = WomanAppUITests/Info.plist;
				LD_RUNPATH_SEARCH_PATHS = (
					"$(inherited)",
					"@executable_path/Frameworks",
					"@loader_path/Frameworks",
				);
				PRODUCT_BUNDLE_IDENTIFIER = "com.woman-shark-team.wo.man.WomanAppUITests";
				PRODUCT_NAME = "$(TARGET_NAME)";
				SWIFT_VERSION = 5.0;
				TARGETED_DEVICE_FAMILY = "1,2";
				TEST_TARGET_NAME = WomanApp;
			};
			name = Release;
		};
/* End XCBuildConfiguration section */

/* Begin XCConfigurationList section */
		765C8B2326E2272B009602E2 /* Build configuration list for PBXProject "WomanApp" */ = {
			isa = XCConfigurationList;
			buildConfigurations = (
				765C8B5026E2272C009602E2 /* Debug */,
				765C8B5126E2272C009602E2 /* Release */,
			);
			defaultConfigurationIsVisible = 0;
			defaultConfigurationName = Release;
		};
		765C8B5226E2272C009602E2 /* Build configuration list for PBXNativeTarget "WomanApp" */ = {
			isa = XCConfigurationList;
			buildConfigurations = (
				765C8B5326E2272C009602E2 /* Debug */,
				765C8B5426E2272C009602E2 /* Release */,
			);
			defaultConfigurationIsVisible = 0;
			defaultConfigurationName = Release;
		};
		765C8B5526E2272C009602E2 /* Build configuration list for PBXNativeTarget "WomanAppTests" */ = {
			isa = XCConfigurationList;
			buildConfigurations = (
				765C8B5626E2272C009602E2 /* Debug */,
				765C8B5726E2272C009602E2 /* Release */,
			);
			defaultConfigurationIsVisible = 0;
			defaultConfigurationName = Release;
		};
		765C8B5826E2272C009602E2 /* Build configuration list for PBXNativeTarget "WomanAppUITests" */ = {
			isa = XCConfigurationList;
			buildConfigurations = (
				765C8B5926E2272C009602E2 /* Debug */,
				765C8B5A26E2272C009602E2 /* Release */,
			);
			defaultConfigurationIsVisible = 0;
			defaultConfigurationName = Release;
		};
/* End XCConfigurationList section */
	};
	rootObject = 765C8B2026E2272B009602E2 /* Project object */;
}
